
Microsoft Visual Studio Solution File, Format Version 12.00
# Visual Studio Version 17
VisualStudioVersion = 17.2.32317.152
MinimumVisualStudioVersion = 10.0.40219.1
Project("{9A19103F-16F7-4668-BE54-9A1E7A4F7556}") = "Calculator-with-tests", "Calculator-with-tests.csproj", "{F31F8BEF-585C-4543-96D0-53054E5B8058}"
EndProject
Project("{2150E333-8FDC-42A3-9474-1A3956D46DE8}") = "Solution Items", "Solution Items", "{98622B2B-2ACF-4010-BFCC-B5BEACD23CB7}"
	ProjectSection(SolutionItems) = preProject
		sample tests.txt = sample tests.txt
	EndProjectSection
EndProject
Project("{FAE04EC0-301F-11D3-BF4B-00C04F79EFBC}") = "CalcTests", "..\CalcTests\CalcTests.csproj", "{5C78CACA-BDE5-48DE-B977-408FB9BF8A75}"
EndProject
Global
	GlobalSection(SolutionConfigurationPlatforms) = preSolution
		Debug|Any CPU = Debug|Any CPU
		Release|Any CPU = Release|Any CPU
	EndGlobalSection
	GlobalSection(ProjectConfigurationPlatforms) = postSolution
		{F31F8BEF-585C-4543-96D0-53054E5B8058}.Debug|Any CPU.ActiveCfg = Debug|Any CPU
		{F31F8BEF-585C-4543-96D0-53054E5B8058}.Debug|Any CPU.Build.0 = Debug|Any CPU
		{F31F8BEF-585C-4543-96D0-53054E5B8058}.Release|Any CPU.ActiveCfg = Release|Any CPU
		{F31F8BEF-585C-4543-96D0-53054E5B8058}.Release|Any CPU.Build.0 = Release|Any CPU
		{5C78CACA-BDE5-48DE-B977-408FB9BF8A75}.Debug|Any CPU.ActiveCfg = Debug|Any CPU
		{5C78CACA-BDE5-48DE-B977-408FB9BF8A75}.Debug|Any CPU.Build.0 = Debug|Any CPU
		{5C78CACA-BDE5-48DE-B977-408FB9BF8A75}.Release|Any CPU.ActiveCfg = Release|Any CPU
		{5C78CACA-BDE5-48DE-B977-408FB9BF8A75}.Release|Any CPU.Build.0 = Release|Any CPU
	EndGlobalSection
	GlobalSection(SolutionProperties) = preSolution
		HideSolutionNode = FALSE
	EndGlobalSection
	GlobalSection(ExtensibilityGlobals) = postSolution
		SolutionGuid = {A29EDD09-006D-48F5-A786-B53BA1171898}
	EndGlobalSection
EndGlobal
